// !$*UTF8*$!
{
	archiveVersion = 1;
	classes = {
	};
	objectVersion = 51;
	objects = {

/* Begin PBXBuildFile section */
		5EAFD745DDCA265BDB508C8B /* Pods_ParstagramTests.framework in Frameworks */ = {isa = PBXBuildFile; fileRef = EB454BFB965F3F3A90DAF1A6 /* Pods_ParstagramTests.framework */; };
		6DF5F35DB639D349DDBB1D2D /* Pods_Parstagram_ParstagramUITests.framework in Frameworks */ = {isa = PBXBuildFile; fileRef = F02494CBE5D3458C87F7DC39 /* Pods_Parstagram_ParstagramUITests.framework */; };
		9C51D52AF7031F450A07A264 /* Pods_Parstagram.framework in Frameworks */ = {isa = PBXBuildFile; fileRef = 44FF2918807BA0BA07D8A8DB /* Pods_Parstagram.framework */; };
		9C56BFEA260658CE00A83A88 /* AppDelegate.swift in Sources */ = {isa = PBXBuildFile; fileRef = 9C56BFE9260658CE00A83A88 /* AppDelegate.swift */; };
		9C56BFEC260658CE00A83A88 /* SceneDelegate.swift in Sources */ = {isa = PBXBuildFile; fileRef = 9C56BFEB260658CE00A83A88 /* SceneDelegate.swift */; };
		9C56BFF1260658CE00A83A88 /* Main.storyboard in Resources */ = {isa = PBXBuildFile; fileRef = 9C56BFEF260658CE00A83A88 /* Main.storyboard */; };
		9C56BFF3260658CF00A83A88 /* Assets.xcassets in Resources */ = {isa = PBXBuildFile; fileRef = 9C56BFF2260658CF00A83A88 /* Assets.xcassets */; };
		9C56BFF6260658CF00A83A88 /* LaunchScreen.storyboard in Resources */ = {isa = PBXBuildFile; fileRef = 9C56BFF4260658CF00A83A88 /* LaunchScreen.storyboard */; };
		9C56C001260658CF00A83A88 /* ParstagramTests.swift in Sources */ = {isa = PBXBuildFile; fileRef = 9C56C000260658CF00A83A88 /* ParstagramTests.swift */; };
		9C56C00C260658CF00A83A88 /* ParstagramUITests.swift in Sources */ = {isa = PBXBuildFile; fileRef = 9C56C00B260658CF00A83A88 /* ParstagramUITests.swift */; };
		9C56C02C2606673800A83A88 /* LoginViewController.swift in Sources */ = {isa = PBXBuildFile; fileRef = 9C56C02B2606673800A83A88 /* LoginViewController.swift */; };
		9C56C0312606674700A83A88 /* FeedViewController.swift in Sources */ = {isa = PBXBuildFile; fileRef = 9C56C0302606674700A83A88 /* FeedViewController.swift */; };
		9C56C03626067FC600A83A88 /* CameraViewController.swift in Sources */ = {isa = PBXBuildFile; fileRef = 9C56C03526067FC600A83A88 /* CameraViewController.swift */; };
		9C56C04626068FCA00A83A88 /* PostCell.swift in Sources */ = {isa = PBXBuildFile; fileRef = 9C56C04526068FCA00A83A88 /* PostCell.swift */; };
/* End PBXBuildFile section */

/* Begin PBXContainerItemProxy section */
		9C56BFFD260658CF00A83A88 /* PBXContainerItemProxy */ = {
			isa = PBXContainerItemProxy;
			containerPortal = 9C56BFDE260658CE00A83A88 /* Project object */;
			proxyType = 1;
			remoteGlobalIDString = 9C56BFE5260658CE00A83A88;
			remoteInfo = Parstagram;
		};
		9C56C008260658CF00A83A88 /* PBXContainerItemProxy */ = {
			isa = PBXContainerItemProxy;
			containerPortal = 9C56BFDE260658CE00A83A88 /* Project object */;
			proxyType = 1;
			remoteGlobalIDString = 9C56BFE5260658CE00A83A88;
			remoteInfo = Parstagram;
		};
/* End PBXContainerItemProxy section */

/* Begin PBXFileReference section */
		44FF2918807BA0BA07D8A8DB /* Pods_Parstagram.framework */ = {isa = PBXFileReference; explicitFileType = wrapper.framework; includeInIndex = 0; path = Pods_Parstagram.framework; sourceTree = BUILT_PRODUCTS_DIR; };
		64B8B784A5F072CE785E58C3 /* Pods-Parstagram-ParstagramUITests.debug.xcconfig */ = {isa = PBXFileReference; includeInIndex = 1; lastKnownFileType = text.xcconfig; name = "Pods-Parstagram-ParstagramUITests.debug.xcconfig"; path = "Target Support Files/Pods-Parstagram-ParstagramUITests/Pods-Parstagram-ParstagramUITests.debug.xcconfig"; sourceTree = "<group>"; };
		8FD9677B73703C862C2AACFC /* Pods-Parstagram.debug.xcconfig */ = {isa = PBXFileReference; includeInIndex = 1; lastKnownFileType = text.xcconfig; name = "Pods-Parstagram.debug.xcconfig"; path = "Target Support Files/Pods-Parstagram/Pods-Parstagram.debug.xcconfig"; sourceTree = "<group>"; };
		9C56BFE6260658CE00A83A88 /* Parstagram.app */ = {isa = PBXFileReference; explicitFileType = wrapper.application; includeInIndex = 0; path = Parstagram.app; sourceTree = BUILT_PRODUCTS_DIR; };
		9C56BFE9260658CE00A83A88 /* AppDelegate.swift */ = {isa = PBXFileReference; lastKnownFileType = sourcecode.swift; path = AppDelegate.swift; sourceTree = "<group>"; };
		9C56BFEB260658CE00A83A88 /* SceneDelegate.swift */ = {isa = PBXFileReference; lastKnownFileType = sourcecode.swift; path = SceneDelegate.swift; sourceTree = "<group>"; };
		9C56BFF0260658CE00A83A88 /* Base */ = {isa = PBXFileReference; lastKnownFileType = file.storyboard; name = Base; path = Base.lproj/Main.storyboard; sourceTree = "<group>"; };
		9C56BFF2260658CF00A83A88 /* Assets.xcassets */ = {isa = PBXFileReference; lastKnownFileType = folder.assetcatalog; path = Assets.xcassets; sourceTree = "<group>"; };
		9C56BFF5260658CF00A83A88 /* Base */ = {isa = PBXFileReference; lastKnownFileType = file.storyboard; name = Base; path = Base.lproj/LaunchScreen.storyboard; sourceTree = "<group>"; };
		9C56BFF7260658CF00A83A88 /* Info.plist */ = {isa = PBXFileReference; lastKnownFileType = text.plist.xml; path = Info.plist; sourceTree = "<group>"; };
		9C56BFFC260658CF00A83A88 /* ParstagramTests.xctest */ = {isa = PBXFileReference; explicitFileType = wrapper.cfbundle; includeInIndex = 0; path = ParstagramTests.xctest; sourceTree = BUILT_PRODUCTS_DIR; };
		9C56C000260658CF00A83A88 /* ParstagramTests.swift */ = {isa = PBXFileReference; lastKnownFileType = sourcecode.swift; path = ParstagramTests.swift; sourceTree = "<group>"; };
		9C56C002260658CF00A83A88 /* Info.plist */ = {isa = PBXFileReference; lastKnownFileType = text.plist.xml; path = Info.plist; sourceTree = "<group>"; };
		9C56C007260658CF00A83A88 /* ParstagramUITests.xctest */ = {isa = PBXFileReference; explicitFileType = wrapper.cfbundle; includeInIndex = 0; path = ParstagramUITests.xctest; sourceTree = BUILT_PRODUCTS_DIR; };
		9C56C00B260658CF00A83A88 /* ParstagramUITests.swift */ = {isa = PBXFileReference; lastKnownFileType = sourcecode.swift; path = ParstagramUITests.swift; sourceTree = "<group>"; };
		9C56C00D260658CF00A83A88 /* Info.plist */ = {isa = PBXFileReference; lastKnownFileType = text.plist.xml; path = Info.plist; sourceTree = "<group>"; };
		9C56C02B2606673800A83A88 /* LoginViewController.swift */ = {isa = PBXFileReference; lastKnownFileType = sourcecode.swift; path = LoginViewController.swift; sourceTree = "<group>"; };
		9C56C0302606674700A83A88 /* FeedViewController.swift */ = {isa = PBXFileReference; lastKnownFileType = sourcecode.swift; path = FeedViewController.swift; sourceTree = "<group>"; };
		9C56C03526067FC600A83A88 /* CameraViewController.swift */ = {isa = PBXFileReference; lastKnownFileType = sourcecode.swift; path = CameraViewController.swift; sourceTree = "<group>"; };
		9C56C04526068FCA00A83A88 /* PostCell.swift */ = {isa = PBXFileReference; lastKnownFileType = sourcecode.swift; path = PostCell.swift; sourceTree = "<group>"; };
		AB7C4219C07B401EC09849F5 /* Pods-ParstagramTests.debug.xcconfig */ = {isa = PBXFileReference; includeInIndex = 1; lastKnownFileType = text.xcconfig; name = "Pods-ParstagramTests.debug.xcconfig"; path = "Target Support Files/Pods-ParstagramTests/Pods-ParstagramTests.debug.xcconfig"; sourceTree = "<group>"; };
		D96FD4418CBF97C0E0782E7C /* Pods-ParstagramTests.release.xcconfig */ = {isa = PBXFileReference; includeInIndex = 1; lastKnownFileType = text.xcconfig; name = "Pods-ParstagramTests.release.xcconfig"; path = "Target Support Files/Pods-ParstagramTests/Pods-ParstagramTests.release.xcconfig"; sourceTree = "<group>"; };
		DC17BFFD8078D72B7013F4A6 /* Pods-Parstagram-ParstagramUITests.release.xcconfig */ = {isa = PBXFileReference; includeInIndex = 1; lastKnownFileType = text.xcconfig; name = "Pods-Parstagram-ParstagramUITests.release.xcconfig"; path = "Target Support Files/Pods-Parstagram-ParstagramUITests/Pods-Parstagram-ParstagramUITests.release.xcconfig"; sourceTree = "<group>"; };
		EB454BFB965F3F3A90DAF1A6 /* Pods_ParstagramTests.framework */ = {isa = PBXFileReference; explicitFileType = wrapper.framework; includeInIndex = 0; path = Pods_ParstagramTests.framework; sourceTree = BUILT_PRODUCTS_DIR; };
		F02494CBE5D3458C87F7DC39 /* Pods_Parstagram_ParstagramUITests.framework */ = {isa = PBXFileReference; explicitFileType = wrapper.framework; includeInIndex = 0; path = Pods_Parstagram_ParstagramUITests.framework; sourceTree = BUILT_PRODUCTS_DIR; };
		F1E715BA400C12BED7DE30BB /* Pods-Parstagram.release.xcconfig */ = {isa = PBXFileReference; includeInIndex = 1; lastKnownFileType = text.xcconfig; name = "Pods-Parstagram.release.xcconfig"; path = "Target Support Files/Pods-Parstagram/Pods-Parstagram.release.xcconfig"; sourceTree = "<group>"; };
/* End PBXFileReference section */

/* Begin PBXFrameworksBuildPhase section */
		9C56BFE3260658CE00A83A88 /* Frameworks */ = {
			isa = PBXFrameworksBuildPhase;
			buildActionMask = 2147483647;
			files = (
				9C51D52AF7031F450A07A264 /* Pods_Parstagram.framework in Frameworks */,
			);
			runOnlyForDeploymentPostprocessing = 0;
		};
		9C56BFF9260658CF00A83A88 /* Frameworks */ = {
			isa = PBXFrameworksBuildPhase;
			buildActionMask = 2147483647;
			files = (
				5EAFD745DDCA265BDB508C8B /* Pods_ParstagramTests.framework in Frameworks */,
			);
			runOnlyForDeploymentPostprocessing = 0;
		};
		9C56C004260658CF00A83A88 /* Frameworks */ = {
			isa = PBXFrameworksBuildPhase;
			buildActionMask = 2147483647;
			files = (
				6DF5F35DB639D349DDBB1D2D /* Pods_Parstagram_ParstagramUITests.framework in Frameworks */,
			);
			runOnlyForDeploymentPostprocessing = 0;
		};
/* End PBXFrameworksBuildPhase section */

/* Begin PBXGroup section */
		2F47B90CC5113BC5EBEE7561 /* Frameworks */ = {
			isa = PBXGroup;
			children = (
				44FF2918807BA0BA07D8A8DB /* Pods_Parstagram.framework */,
				F02494CBE5D3458C87F7DC39 /* Pods_Parstagram_ParstagramUITests.framework */,
				EB454BFB965F3F3A90DAF1A6 /* Pods_ParstagramTests.framework */,
			);
			name = Frameworks;
			sourceTree = "<group>";
		};
		6F0946E1108A734CCAA9530A /* Pods */ = {
			isa = PBXGroup;
			children = (
				8FD9677B73703C862C2AACFC /* Pods-Parstagram.debug.xcconfig */,
				F1E715BA400C12BED7DE30BB /* Pods-Parstagram.release.xcconfig */,
				64B8B784A5F072CE785E58C3 /* Pods-Parstagram-ParstagramUITests.debug.xcconfig */,
				DC17BFFD8078D72B7013F4A6 /* Pods-Parstagram-ParstagramUITests.release.xcconfig */,
				AB7C4219C07B401EC09849F5 /* Pods-ParstagramTests.debug.xcconfig */,
				D96FD4418CBF97C0E0782E7C /* Pods-ParstagramTests.release.xcconfig */,
			);
			path = Pods;
			sourceTree = "<group>";
		};
		9C56BFDD260658CE00A83A88 = {
			isa = PBXGroup;
			children = (
				9C56BFE8260658CE00A83A88 /* Parstagram */,
				9C56BFFF260658CF00A83A88 /* ParstagramTests */,
				9C56C00A260658CF00A83A88 /* ParstagramUITests */,
				9C56BFE7260658CE00A83A88 /* Products */,
				6F0946E1108A734CCAA9530A /* Pods */,
				2F47B90CC5113BC5EBEE7561 /* Frameworks */,
			);
			sourceTree = "<group>";
		};
		9C56BFE7260658CE00A83A88 /* Products */ = {
			isa = PBXGroup;
			children = (
				9C56BFE6260658CE00A83A88 /* Parstagram.app */,
				9C56BFFC260658CF00A83A88 /* ParstagramTests.xctest */,
				9C56C007260658CF00A83A88 /* ParstagramUITests.xctest */,
			);
			name = Products;
			sourceTree = "<group>";
		};
		9C56BFE8260658CE00A83A88 /* Parstagram */ = {
			isa = PBXGroup;
			children = (
				9C56BFE9260658CE00A83A88 /* AppDelegate.swift */,
				9C56BFEB260658CE00A83A88 /* SceneDelegate.swift */,
				9C56BFEF260658CE00A83A88 /* Main.storyboard */,
				9C56BFF2260658CF00A83A88 /* Assets.xcassets */,
				9C56BFF4260658CF00A83A88 /* LaunchScreen.storyboard */,
				9C56BFF7260658CF00A83A88 /* Info.plist */,
				9C56C02B2606673800A83A88 /* LoginViewController.swift */,
				9C56C0302606674700A83A88 /* FeedViewController.swift */,
				9C56C03526067FC600A83A88 /* CameraViewController.swift */,
				9C56C04526068FCA00A83A88 /* PostCell.swift */,
			);
			path = Parstagram;
			sourceTree = "<group>";
		};
		9C56BFFF260658CF00A83A88 /* ParstagramTests */ = {
			isa = PBXGroup;
			children = (
				9C56C000260658CF00A83A88 /* ParstagramTests.swift */,
				9C56C002260658CF00A83A88 /* Info.plist */,
			);
			path = ParstagramTests;
			sourceTree = "<group>";
		};
		9C56C00A260658CF00A83A88 /* ParstagramUITests */ = {
			isa = PBXGroup;
			children = (
				9C56C00B260658CF00A83A88 /* ParstagramUITests.swift */,
				9C56C00D260658CF00A83A88 /* Info.plist */,
			);
			path = ParstagramUITests;
			sourceTree = "<group>";
		};
/* End PBXGroup section */

/* Begin PBXNativeTarget section */
		9C56BFE5260658CE00A83A88 /* Parstagram */ = {
			isa = PBXNativeTarget;
			buildConfigurationList = 9C56C010260658CF00A83A88 /* Build configuration list for PBXNativeTarget "Parstagram" */;
			buildPhases = (
				26EEAC4B8ACBCAD6DA9E6F62 /* [CP] Check Pods Manifest.lock */,
				9C56BFE2260658CE00A83A88 /* Sources */,
				9C56BFE3260658CE00A83A88 /* Frameworks */,
				9C56BFE4260658CE00A83A88 /* Resources */,
				54495FC5E51C068678C9B552 /* [CP] Embed Pods Frameworks */,
			);
			buildRules = (
			);
			dependencies = (
			);
			name = Parstagram;
			productName = Parstagram;
			productReference = 9C56BFE6260658CE00A83A88 /* Parstagram.app */;
			productType = "com.apple.product-type.application";
		};
		9C56BFFB260658CF00A83A88 /* ParstagramTests */ = {
			isa = PBXNativeTarget;
			buildConfigurationList = 9C56C013260658CF00A83A88 /* Build configuration list for PBXNativeTarget "ParstagramTests" */;
			buildPhases = (
				EDAE28C8B8081B2347F8FE0A /* [CP] Check Pods Manifest.lock */,
				9C56BFF8260658CF00A83A88 /* Sources */,
				9C56BFF9260658CF00A83A88 /* Frameworks */,
				9C56BFFA260658CF00A83A88 /* Resources */,
			);
			buildRules = (
			);
			dependencies = (
				9C56BFFE260658CF00A83A88 /* PBXTargetDependency */,
			);
			name = ParstagramTests;
			productName = ParstagramTests;
			productReference = 9C56BFFC260658CF00A83A88 /* ParstagramTests.xctest */;
			productType = "com.apple.product-type.bundle.unit-test";
		};
		9C56C006260658CF00A83A88 /* ParstagramUITests */ = {
			isa = PBXNativeTarget;
			buildConfigurationList = 9C56C016260658CF00A83A88 /* Build configuration list for PBXNativeTarget "ParstagramUITests" */;
			buildPhases = (
				5383889392F81EFAA1212545 /* [CP] Check Pods Manifest.lock */,
				9C56C003260658CF00A83A88 /* Sources */,
				9C56C004260658CF00A83A88 /* Frameworks */,
				9C56C005260658CF00A83A88 /* Resources */,
				279069BB466C7E688E5B006C /* [CP] Embed Pods Frameworks */,
			);
			buildRules = (
			);
			dependencies = (
				9C56C009260658CF00A83A88 /* PBXTargetDependency */,
			);
			name = ParstagramUITests;
			productName = ParstagramUITests;
			productReference = 9C56C007260658CF00A83A88 /* ParstagramUITests.xctest */;
			productType = "com.apple.product-type.bundle.ui-testing";
		};
/* End PBXNativeTarget section */

/* Begin PBXProject section */
		9C56BFDE260658CE00A83A88 /* Project object */ = {
			isa = PBXProject;
			attributes = {
				LastSwiftUpdateCheck = 1240;
				LastUpgradeCheck = 1240;
				TargetAttributes = {
					9C56BFE5260658CE00A83A88 = {
						CreatedOnToolsVersion = 12.4;
					};
					9C56BFFB260658CF00A83A88 = {
						CreatedOnToolsVersion = 12.4;
						TestTargetID = 9C56BFE5260658CE00A83A88;
					};
					9C56C006260658CF00A83A88 = {
						CreatedOnToolsVersion = 12.4;
						TestTargetID = 9C56BFE5260658CE00A83A88;
					};
				};
			};
			buildConfigurationList = 9C56BFE1260658CE00A83A88 /* Build configuration list for PBXProject "Parstagram" */;
			compatibilityVersion = "Xcode 9.3";
			developmentRegion = en;
			hasScannedForEncodings = 0;
			knownRegions = (
				en,
				Base,
			);
			mainGroup = 9C56BFDD260658CE00A83A88;
			productRefGroup = 9C56BFE7260658CE00A83A88 /* Products */;
			projectDirPath = "";
			projectRoot = "";
			targets = (
				9C56BFE5260658CE00A83A88 /* Parstagram */,
				9C56BFFB260658CF00A83A88 /* ParstagramTests */,
				9C56C006260658CF00A83A88 /* ParstagramUITests */,
			);
		};
/* End PBXProject section */

/* Begin PBXResourcesBuildPhase section */
		9C56BFE4260658CE00A83A88 /* Resources */ = {
			isa = PBXResourcesBuildPhase;
			buildActionMask = 2147483647;
			files = (
				9C56BFF6260658CF00A83A88 /* LaunchScreen.storyboard in Resources */,
				9C56BFF3260658CF00A83A88 /* Assets.xcassets in Resources */,
				9C56BFF1260658CE00A83A88 /* Main.storyboard in Resources */,
			);
			runOnlyForDeploymentPostprocessing = 0;
		};
		9C56BFFA260658CF00A83A88 /* Resources */ = {
			isa = PBXResourcesBuildPhase;
			buildActionMask = 2147483647;
			files = (
			);
			runOnlyForDeploymentPostprocessing = 0;
		};
		9C56C005260658CF00A83A88 /* Resources */ = {
			isa = PBXResourcesBuildPhase;
			buildActionMask = 2147483647;
			files = (
			);
			runOnlyForDeploymentPostprocessing = 0;
		};
/* End PBXResourcesBuildPhase section */

/* Begin PBXShellScriptBuildPhase section */
		26EEAC4B8ACBCAD6DA9E6F62 /* [CP] Check Pods Manifest.lock */ = {
			isa = PBXShellScriptBuildPhase;
			buildActionMask = 2147483647;
			files = (
			);
			inputFileListPaths = (
			);
			inputPaths = (
				"${PODS_PODFILE_DIR_PATH}/Podfile.lock",
				"${PODS_ROOT}/Manifest.lock",
			);
			name = "[CP] Check Pods Manifest.lock";
			outputFileListPaths = (
			);
			outputPaths = (
				"$(DERIVED_FILE_DIR)/Pods-Parstagram-checkManifestLockResult.txt",
			);
			runOnlyForDeploymentPostprocessing = 0;
			shellPath = /bin/sh;
			shellScript = "diff \"${PODS_PODFILE_DIR_PATH}/Podfile.lock\" \"${PODS_ROOT}/Manifest.lock\" > /dev/null\nif [ $? != 0 ] ; then\n    # print error to STDERR\n    echo \"error: The sandbox is not in sync with the Podfile.lock. Run 'pod install' or update your CocoaPods installation.\" >&2\n    exit 1\nfi\n# This output is used by Xcode 'outputs' to avoid re-running this script phase.\necho \"SUCCESS\" > \"${SCRIPT_OUTPUT_FILE_0}\"\n";
			showEnvVarsInLog = 0;
		};
		279069BB466C7E688E5B006C /* [CP] Embed Pods Frameworks */ = {
			isa = PBXShellScriptBuildPhase;
			buildActionMask = 2147483647;
			files = (
			);
			inputFileListPaths = (
				"${PODS_ROOT}/Target Support Files/Pods-Parstagram-ParstagramUITests/Pods-Parstagram-ParstagramUITests-frameworks-${CONFIGURATION}-input-files.xcfilelist",
			);
			name = "[CP] Embed Pods Frameworks";
			outputFileListPaths = (
				"${PODS_ROOT}/Target Support Files/Pods-Parstagram-ParstagramUITests/Pods-Parstagram-ParstagramUITests-frameworks-${CONFIGURATION}-output-files.xcfilelist",
			);
			runOnlyForDeploymentPostprocessing = 0;
			shellPath = /bin/sh;
			shellScript = "\"${PODS_ROOT}/Target Support Files/Pods-Parstagram-ParstagramUITests/Pods-Parstagram-ParstagramUITests-frameworks.sh\"\n";
			showEnvVarsInLog = 0;
		};
		5383889392F81EFAA1212545 /* [CP] Check Pods Manifest.lock */ = {
			isa = PBXShellScriptBuildPhase;
			buildActionMask = 2147483647;
			files = (
			);
			inputFileListPaths = (
			);
			inputPaths = (
				"${PODS_PODFILE_DIR_PATH}/Podfile.lock",
				"${PODS_ROOT}/Manifest.lock",
			);
			name = "[CP] Check Pods Manifest.lock";
			outputFileListPaths = (
			);
			outputPaths = (
				"$(DERIVED_FILE_DIR)/Pods-Parstagram-ParstagramUITests-checkManifestLockResult.txt",
			);
			runOnlyForDeploymentPostprocessing = 0;
			shellPath = /bin/sh;
			shellScript = "diff \"${PODS_PODFILE_DIR_PATH}/Podfile.lock\" \"${PODS_ROOT}/Manifest.lock\" > /dev/null\nif [ $? != 0 ] ; then\n    # print error to STDERR\n    echo \"error: The sandbox is not in sync with the Podfile.lock. Run 'pod install' or update your CocoaPods installation.\" >&2\n    exit 1\nfi\n# This output is used by Xcode 'outputs' to avoid re-running this script phase.\necho \"SUCCESS\" > \"${SCRIPT_OUTPUT_FILE_0}\"\n";
			showEnvVarsInLog = 0;
		};
		54495FC5E51C068678C9B552 /* [CP] Embed Pods Frameworks */ = {
			isa = PBXShellScriptBuildPhase;
			buildActionMask = 2147483647;
			files = (
			);
			inputFileListPaths = (
				"${PODS_ROOT}/Target Support Files/Pods-Parstagram/Pods-Parstagram-frameworks-${CONFIGURATION}-input-files.xcfilelist",
			);
			name = "[CP] Embed Pods Frameworks";
			outputFileListPaths = (
				"${PODS_ROOT}/Target Support Files/Pods-Parstagram/Pods-Parstagram-frameworks-${CONFIGURATION}-output-files.xcfilelist",
			);
			runOnlyForDeploymentPostprocessing = 0;
			shellPath = /bin/sh;
			shellScript = "\"${PODS_ROOT}/Target Support Files/Pods-Parstagram/Pods-Parstagram-frameworks.sh\"\n";
			showEnvVarsInLog = 0;
		};
		EDAE28C8B8081B2347F8FE0A /* [CP] Check Pods Manifest.lock */ = {
			isa = PBXShellScriptBuildPhase;
			buildActionMask = 2147483647;
			files = (
			);
			inputFileListPaths = (
			);
			inputPaths = (
				"${PODS_PODFILE_DIR_PATH}/Podfile.lock",
				"${PODS_ROOT}/Manifest.lock",
			);
			name = "[CP] Check Pods Manifest.lock";
			outputFileListPaths = (
			);
			outputPaths = (
				"$(DERIVED_FILE_DIR)/Pods-ParstagramTests-checkManifestLockResult.txt",
			);
			runOnlyForDeploymentPostprocessing = 0;
			shellPath = /bin/sh;
			shellScript = "diff \"${PODS_PODFILE_DIR_PATH}/Podfile.lock\" \"${PODS_ROOT}/Manifest.lock\" > /dev/null\nif [ $? != 0 ] ; then\n    # print error to STDERR\n    echo \"error: The sandbox is not in sync with the Podfile.lock. Run 'pod install' or update your CocoaPods installation.\" >&2\n    exit 1\nfi\n# This output is used by Xcode 'outputs' to avoid re-running this script phase.\necho \"SUCCESS\" > \"${SCRIPT_OUTPUT_FILE_0}\"\n";
			showEnvVarsInLog = 0;
		};
/* End PBXShellScriptBuildPhase section */

/* Begin PBXSourcesBuildPhase section */
		9C56BFE2260658CE00A83A88 /* Sources */ = {
			isa = PBXSourcesBuildPhase;
			buildActionMask = 2147483647;
			files = (
				9C56C02C2606673800A83A88 /* LoginViewController.swift in Sources */,
				9C56C03626067FC600A83A88 /* CameraViewController.swift in Sources */,
				9C56BFEA260658CE00A83A88 /* AppDelegate.swift in Sources */,
				9C56C0312606674700A83A88 /* FeedViewController.swift in Sources */,
				9C56BFEC260658CE00A83A88 /* SceneDelegate.swift in Sources */,
				9C56C04626068FCA00A83A88 /* PostCell.swift in Sources */,
			);
			runOnlyForDeploymentPostprocessing = 0;
		};
		9C56BFF8260658CF00A83A88 /* Sources */ = {
			isa = PBXSourcesBuildPhase;
			buildActionMask = 2147483647;
			files = (
				9C56C001260658CF00A83A88 /* ParstagramTests.swift in Sources */,
			);
			runOnlyForDeploymentPostprocessing = 0;
		};
		9C56C003260658CF00A83A88 /* Sources */ = {
			isa = PBXSourcesBuildPhase;
			buildActionMask = 2147483647;
			files = (
				9C56C00C260658CF00A83A88 /* ParstagramUITests.swift in Sources */,
			);
			runOnlyForDeploymentPostprocessing = 0;
		};
/* End PBXSourcesBuildPhase section */

/* Begin PBXTargetDependency section */
		9C56BFFE260658CF00A83A88 /* PBXTargetDependency */ = {
			isa = PBXTargetDependency;
			target = 9C56BFE5260658CE00A83A88 /* Parstagram */;
			targetProxy = 9C56BFFD260658CF00A83A88 /* PBXContainerItemProxy */;
		};
		9C56C009260658CF00A83A88 /* PBXTargetDependency */ = {
			isa = PBXTargetDependency;
			target = 9C56BFE5260658CE00A83A88 /* Parstagram */;
			targetProxy = 9C56C008260658CF00A83A88 /* PBXContainerItemProxy */;
		};
/* End PBXTargetDependency section */

/* Begin PBXVariantGroup section */
		9C56BFEF260658CE00A83A88 /* Main.storyboard */ = {
			isa = PBXVariantGroup;
			children = (
				9C56BFF0260658CE00A83A88 /* Base */,
			);
			name = Main.storyboard;
			sourceTree = "<group>";
		};
		9C56BFF4260658CF00A83A88 /* LaunchScreen.storyboard */ = {
			isa = PBXVariantGroup;
			children = (
				9C56BFF5260658CF00A83A88 /* Base */,
			);
			name = LaunchScreen.storyboard;
			sourceTree = "<group>";
		};
/* End PBXVariantGroup section */

/* Begin XCBuildConfiguration section */
		9C56C00E260658CF00A83A88 /* Debug */ = {
			isa = XCBuildConfiguration;
			buildSettings = {
				ALWAYS_SEARCH_USER_PATHS = NO;
				CLANG_ANALYZER_NONNULL = YES;
				CLANG_ANALYZER_NUMBER_OBJECT_CONVERSION = YES_AGGRESSIVE;
				CLANG_CXX_LANGUAGE_STANDARD = "gnu++14";
				CLANG_CXX_LIBRARY = "libc++";
				CLANG_ENABLE_MODULES = YES;
				CLANG_ENABLE_OBJC_ARC = YES;
				CLANG_ENABLE_OBJC_WEAK = YES;
				CLANG_WARN_BLOCK_CAPTURE_AUTORELEASING = YES;
				CLANG_WARN_BOOL_CONVERSION = YES;
				CLANG_WARN_COMMA = YES;
				CLANG_WARN_CONSTANT_CONVERSION = YES;
				CLANG_WARN_DEPRECATED_OBJC_IMPLEMENTATIONS = YES;
				CLANG_WARN_DIRECT_OBJC_ISA_USAGE = YES_ERROR;
				CLANG_WARN_DOCUMENTATION_COMMENTS = YES;
				CLANG_WARN_EMPTY_BODY = YES;
				CLANG_WARN_ENUM_CONVERSION = YES;
				CLANG_WARN_INFINITE_RECURSION = YES;
				CLANG_WARN_INT_CONVERSION = YES;
				CLANG_WARN_NON_LITERAL_NULL_CONVERSION = YES;
				CLANG_WARN_OBJC_IMPLICIT_RETAIN_SELF = YES;
				CLANG_WARN_OBJC_LITERAL_CONVERSION = YES;
				CLANG_WARN_OBJC_ROOT_CLASS = YES_ERROR;
				CLANG_WARN_QUOTED_INCLUDE_IN_FRAMEWORK_HEADER = YES;
				CLANG_WARN_RANGE_LOOP_ANALYSIS = YES;
				CLANG_WARN_STRICT_PROTOTYPES = YES;
				CLANG_WARN_SUSPICIOUS_MOVE = YES;
				CLANG_WARN_UNGUARDED_AVAILABILITY = YES_AGGRESSIVE;
				CLANG_WARN_UNREACHABLE_CODE = YES;
				CLANG_WARN__DUPLICATE_METHOD_MATCH = YES;
				COPY_PHASE_STRIP = NO;
				DEBUG_INFORMATION_FORMAT = dwarf;
				ENABLE_STRICT_OBJC_MSGSEND = YES;
				ENABLE_TESTABILITY = YES;
				GCC_C_LANGUAGE_STANDARD = gnu11;
				GCC_DYNAMIC_NO_PIC = NO;
				GCC_NO_COMMON_BLOCKS = YES;
				GCC_OPTIMIZATION_LEVEL = 0;
				GCC_PREPROCESSOR_DEFINITIONS = (
					"DEBUG=1",
					"$(inherited)",
				);
				GCC_WARN_64_TO_32_BIT_CONVERSION = YES;
				GCC_WARN_ABOUT_RETURN_TYPE = YES_ERROR;
				GCC_WARN_UNDECLARED_SELECTOR = YES;
				GCC_WARN_UNINITIALIZED_AUTOS = YES_AGGRESSIVE;
				GCC_WARN_UNUSED_FUNCTION = YES;
				GCC_WARN_UNUSED_VARIABLE = YES;
				IPHONEOS_DEPLOYMENT_TARGET = 14.4;
				MTL_ENABLE_DEBUG_INFO = INCLUDE_SOURCE;
				MTL_FAST_MATH = YES;
				ONLY_ACTIVE_ARCH = YES;
				SDKROOT = iphoneos;
				SWIFT_ACTIVE_COMPILATION_CONDITIONS = DEBUG;
				SWIFT_OPTIMIZATION_LEVEL = "-Onone";
			};
			name = Debug;
		};
		9C56C00F260658CF00A83A88 /* Release */ = {
			isa = XCBuildConfiguration;
			buildSettings = {
				ALWAYS_SEARCH_USER_PATHS = NO;
				CLANG_ANALYZER_NONNULL = YES;
				CLANG_ANALYZER_NUMBER_OBJECT_CONVERSION = YES_AGGRESSIVE;
				CLANG_CXX_LANGUAGE_STANDARD = "gnu++14";
				CLANG_CXX_LIBRARY = "libc++";
				CLANG_ENABLE_MODULES = YES;
				CLANG_ENABLE_OBJC_ARC = YES;
				CLANG_ENABLE_OBJC_WEAK = YES;
				CLANG_WARN_BLOCK_CAPTURE_AUTORELEASING = YES;
				CLANG_WARN_BOOL_CONVERSION = YES;
				CLANG_WARN_COMMA = YES;
				CLANG_WARN_CONSTANT_CONVERSION = YES;
				CLANG_WARN_DEPRECATED_OBJC_IMPLEMENTATIONS = YES;
				CLANG_WARN_DIRECT_OBJC_ISA_USAGE = YES_ERROR;
				CLANG_WARN_DOCUMENTATION_COMMENTS = YES;
				CLANG_WARN_EMPTY_BODY = YES;
				CLANG_WARN_ENUM_CONVERSION = YES;
				CLANG_WARN_INFINITE_RECURSION = YES;
				CLANG_WARN_INT_CONVERSION = YES;
				CLANG_WARN_NON_LITERAL_NULL_CONVERSION = YES;
				CLANG_WARN_OBJC_IMPLICIT_RETAIN_SELF = YES;
				CLANG_WARN_OBJC_LITERAL_CONVERSION = YES;
				CLANG_WARN_OBJC_ROOT_CLASS = YES_ERROR;
				CLANG_WARN_QUOTED_INCLUDE_IN_FRAMEWORK_HEADER = YES;
				CLANG_WARN_RANGE_LOOP_ANALYSIS = YES;
				CLANG_WARN_STRICT_PROTOTYPES = YES;
				CLANG_WARN_SUSPICIOUS_MOVE = YES;
				CLANG_WARN_UNGUARDED_AVAILABILITY = YES_AGGRESSIVE;
				CLANG_WARN_UNREACHABLE_CODE = YES;
				CLANG_WARN__DUPLICATE_METHOD_MATCH = YES;
				COPY_PHASE_STRIP = NO;
				DEBUG_INFORMATION_FORMAT = "dwarf-with-dsym";
				ENABLE_NS_ASSERTIONS = NO;
				ENABLE_STRICT_OBJC_MSGSEND = YES;
				GCC_C_LANGUAGE_STANDARD = gnu11;
				GCC_NO_COMMON_BLOCKS = YES;
				GCC_WARN_64_TO_32_BIT_CONVERSION = YES;
				GCC_WARN_ABOUT_RETURN_TYPE = YES_ERROR;
				GCC_WARN_UNDECLARED_SELECTOR = YES;
				GCC_WARN_UNINITIALIZED_AUTOS = YES_AGGRESSIVE;
				GCC_WARN_UNUSED_FUNCTION = YES;
				GCC_WARN_UNUSED_VARIABLE = YES;
				IPHONEOS_DEPLOYMENT_TARGET = 14.4;
				MTL_ENABLE_DEBUG_INFO = NO;
				MTL_FAST_MATH = YES;
				SDKROOT = iphoneos;
				SWIFT_COMPILATION_MODE = wholemodule;
				SWIFT_OPTIMIZATION_LEVEL = "-O";
				VALIDATE_PRODUCT = YES;
			};
			name = Release;
		};
		9C56C011260658CF00A83A88 /* Debug */ = {
			isa = XCBuildConfiguration;
			baseConfigurationReference = 8FD9677B73703C862C2AACFC /* Pods-Parstagram.debug.xcconfig */;
			buildSettings = {
				ASSETCATALOG_COMPILER_APPICON_NAME = AppIcon;
				ASSETCATALOG_COMPILER_GLOBAL_ACCENT_COLOR_NAME = AccentColor;
				CODE_SIGN_STYLE = Automatic;
				INFOPLIST_FILE = Parstagram/Info.plist;
				LD_RUNPATH_SEARCH_PATHS = (
					"$(inherited)",
					"@executable_path/Frameworks",
				);
				PRODUCT_BUNDLE_IDENTIFIER = Codepath.Parstagram;
				PRODUCT_NAME = "$(TARGET_NAME)";
				SWIFT_VERSION = 5.0;
				TARGETED_DEVICE_FAMILY = "1,2";
			};
			name = Debug;
		};
		9C56C012260658CF00A83A88 /* Release */ = {
			isa = XCBuildConfiguration;
			baseConfigurationReference = F1E715BA400C12BED7DE30BB /* Pods-Parstagram.release.xcconfig */;
			buildSettings = {
				ASSETCATALOG_COMPILER_APPICON_NAME = AppIcon;
				ASSETCATALOG_COMPILER_GLOBAL_ACCENT_COLOR_NAME = AccentColor;
				CODE_SIGN_STYLE = Automatic;
				INFOPLIST_FILE = Parstagram/Info.plist;
				LD_RUNPATH_SEARCH_PATHS = (
					"$(inherited)",
					"@executable_path/Frameworks",
				);
				PRODUCT_BUNDLE_IDENTIFIER = Codepath.Parstagram;
				PRODUCT_NAME = "$(TARGET_NAME)";
				SWIFT_VERSION = 5.0;
				TARGETED_DEVICE_FAMILY = "1,2";
			};
			name = Release;
		};
		9C56C014260658CF00A83A88 /* Debug */ = {
			isa = XCBuildConfiguration;
			baseConfigurationReference = AB7C4219C07B401EC09849F5 /* Pods-ParstagramTests.debug.xcconfig */;
			buildSettings = {
				ALWAYS_EMBED_SWIFT_STANDARD_LIBRARIES = YES;
				BUNDLE_LOADER = "$(TEST_HOST)";
				CODE_SIGN_STYLE = Automatic;
				INFOPLIST_FILE = ParstagramTests/Info.plist;
				IPHONEOS_DEPLOYMENT_TARGET = 14.4;
				LD_RUNPATH_SEARCH_PATHS = (
					"$(inherited)",
					"@executable_path/Frameworks",
					"@loader_path/Frameworks",
				);
				PRODUCT_BUNDLE_IDENTIFIER = Codepath.ParstagramTests;
				PRODUCT_NAME = "$(TARGET_NAME)";
				SWIFT_VERSION = 5.0;
				TARGETED_DEVICE_FAMILY = "1,2";
				TEST_HOST = "$(BUILT_PRODUCTS_DIR)/Parstagram.app/Parstagram";
			};
			name = Debug;
		};
		9C56C015260658CF00A83A88 /* Release */ = {
			isa = XCBuildConfiguration;
			baseConfigurationReference = D96FD4418CBF97C0E0782E7C /* Pods-ParstagramTests.release.xcconfig */;
			buildSettings = {
				ALWAYS_EMBED_SWIFT_STANDARD_LIBRARIES = YES;
				BUNDLE_LOADER = "$(TEST_HOST)";
				CODE_SIGN_STYLE = Automatic;
				INFOPLIST_FILE = ParstagramTests/Info.plist;
				IPHONEOS_DEPLOYMENT_TARGET = 14.4;
				LD_RUNPATH_SEARCH_PATHS = (
					"$(inherited)",
					"@executable_path/Frameworks",
					"@loader_path/Frameworks",
				);
				PRODUCT_BUNDLE_IDENTIFIER = Codepath.ParstagramTests;
				PRODUCT_NAME = "$(TARGET_NAME)";
				SWIFT_VERSION = 5.0;
				TARGETED_DEVICE_FAMILY = "1,2";
				TEST_HOST = "$(BUILT_PRODUCTS_DIR)/Parstagram.app/Parstagram";
			};
			name = Release;
		};
		9C56C017260658CF00A83A88 /* Debug */ = {
			isa = XCBuildConfiguration;
			baseConfigurationReference = 64B8B784A5F072CE785E58C3 /* Pods-Parstagram-ParstagramUITests.debug.xcconfig */;
			buildSettings = {
				ALWAYS_EMBED_SWIFT_STANDARD_LIBRARIES = YES;
				CODE_SIGN_STYLE = Automatic;
				INFOPLIST_FILE = ParstagramUITests/Info.plist;
				LD_RUNPATH_SEARCH_PATHS = (
					"$(inherited)",
					"@executable_path/Frameworks",
					"@loader_path/Frameworks",
				);
				PRODUCT_BUNDLE_IDENTIFIER = Codepath.ParstagramUITests;
				PRODUCT_NAME = "$(TARGET_NAME)";
				SWIFT_VERSION = 5.0;
				TARGETED_DEVICE_FAMILY = "1,2";
				TEST_TARGET_NAME = Parstagram;
			};
			name = Debug;
		};
		9C56C018260658CF00A83A88 /* Release */ = {
			isa = XCBuildConfiguration;
			baseConfigurationReference = DC17BFFD8078D72B7013F4A6 /* Pods-Parstagram-ParstagramUITests.release.xcconfig */;
			buildSettings = {
				ALWAYS_EMBED_SWIFT_STANDARD_LIBRARIES = YES;
				CODE_SIGN_STYLE = Automatic;
				INFOPLIST_FILE = ParstagramUITests/Info.plist;
				LD_RUNPATH_SEARCH_PATHS = (
					"$(inherited)",
					"@executable_path/Frameworks",
					"@loader_path/Frameworks",
				);
				PRODUCT_BUNDLE_IDENTIFIER = Codepath.ParstagramUITests;
				PRODUCT_NAME = "$(TARGET_NAME)";
				SWIFT_VERSION = 5.0;
				TARGETED_DEVICE_FAMILY = "1,2";
				TEST_TARGET_NAME = Parstagram;
			};
			name = Release;
		};
/* End XCBuildConfiguration section */

/* Begin XCConfigurationList section */
		9C56BFE1260658CE00A83A88 /* Build configuration list for PBXProject "Parstagram" */ = {
			isa = XCConfigurationList;
			buildConfigurations = (
				9C56C00E260658CF00A83A88 /* Debug */,
				9C56C00F260658CF00A83A88 /* Release */,
			);
			defaultConfigurationIsVisible = 0;
			defaultConfigurationName = Release;
		};
		9C56C010260658CF00A83A88 /* Build configuration list for PBXNativeTarget "Parstagram" */ = {
			isa = XCConfigurationList;
			buildConfigurations = (
				9C56C011260658CF00A83A88 /* Debug */,
				9C56C012260658CF00A83A88 /* Release */,
			);
			defaultConfigurationIsVisible = 0;
			defaultConfigurationName = Release;
		};
		9C56C013260658CF00A83A88 /* Build configuration list for PBXNativeTarget "ParstagramTests" */ = {
			isa = XCConfigurationList;
			buildConfigurations = (
				9C56C014260658CF00A83A88 /* Debug */,
				9C56C015260658CF00A83A88 /* Release */,
			);
			defaultConfigurationIsVisible = 0;
			defaultConfigurationName = Release;
		};
		9C56C016260658CF00A83A88 /* Build configuration list for PBXNativeTarget "ParstagramUITests" */ = {
			isa = XCConfigurationList;
			buildConfigurations = (
				9C56C017260658CF00A83A88 /* Debug */,
				9C56C018260658CF00A83A88 /* Release */,
			);
			defaultConfigurationIsVisible = 0;
			defaultConfigurationName = Release;
		};
/* End XCConfigurationList section */
	};
	rootObject = 9C56BFDE260658CE00A83A88 /* Project object */;
}
