// !$*UTF8*$!
{
	archiveVersion = 1;
	classes = {
	};
	objectVersion = 50;
	objects = {

/* Begin PBXBuildFile section */
		9C56BFEA260658CE00A83A88 /* AppDelegate.swift in Sources */ = {isa = PBXBuildFile; fileRef = 9C56BFE9260658CE00A83A88 /* AppDelegate.swift */; };
		9C56BFEC260658CE00A83A88 /* SceneDelegate.swift in Sources */ = {isa = PBXBuildFile; fileRef = 9C56BFEB260658CE00A83A88 /* SceneDelegate.swift */; };
		9C56BFEE260658CE00A83A88 /* ViewController.swift in Sources */ = {isa = PBXBuildFile; fileRef = 9C56BFED260658CE00A83A88 /* ViewController.swift */; };
		9C56BFF1260658CE00A83A88 /* Main.storyboard in Resources */ = {isa = PBXBuildFile; fileRef = 9C56BFEF260658CE00A83A88 /* Main.storyboard */; };
		9C56BFF3260658CF00A83A88 /* Assets.xcassets in Resources */ = {isa = PBXBuildFile; fileRef = 9C56BFF2260658CF00A83A88 /* Assets.xcassets */; };
		9C56BFF6260658CF00A83A88 /* LaunchScreen.storyboard in Resources */ = {isa = PBXBuildFile; fileRef = 9C56BFF4260658CF00A83A88 /* LaunchScreen.storyboard */; };
		9C56C001260658CF00A83A88 /* ParstagramTests.swift in Sources */ = {isa = PBXBuildFile; fileRef = 9C56C000260658CF00A83A88 /* ParstagramTests.swift */; };
		9C56C00C260658CF00A83A88 /* ParstagramUITests.swift in Sources */ = {isa = PBXBuildFile; fileRef = 9C56C00B260658CF00A83A88 /* ParstagramUITests.swift */; };
/* End PBXBuildFile section */

/* Begin PBXContainerItemProxy section */
		9C56BFFD260658CF00A83A88 /* PBXContainerItemProxy */ = {
			isa = PBXContainerItemProxy;
			containerPortal = 9C56BFDE260658CE00A83A88 /* Project object */;
			proxyType = 1;
			remoteGlobalIDString = 9C56BFE5260658CE00A83A88;
			remoteInfo = Parstagram;
		};
		9C56C008260658CF00A83A88 /* PBXContainerItemProxy */ = {
			isa = PBXContainerItemProxy;
			containerPortal = 9C56BFDE260658CE00A83A88 /* Project object */;
			proxyType = 1;
			remoteGlobalIDString = 9C56BFE5260658CE00A83A88;
			remoteInfo = Parstagram;
		};
/* End PBXContainerItemProxy section */

/* Begin PBXFileReference section */
		9C56BFE6260658CE00A83A88 /* Parstagram.app */ = {isa = PBXFileReference; explicitFileType = wrapper.application; includeInIndex = 0; path = Parstagram.app; sourceTree = BUILT_PRODUCTS_DIR; };
		9C56BFE9260658CE00A83A88 /* AppDelegate.swift */ = {isa = PBXFileReference; lastKnownFileType = sourcecode.swift; path = AppDelegate.swift; sourceTree = "<group>"; };
		9C56BFEB260658CE00A83A88 /* SceneDelegate.swift */ = {isa = PBXFileReference; lastKnownFileType = sourcecode.swift; path = SceneDelegate.swift; sourceTree = "<group>"; };
		9C56BFED260658CE00A83A88 /* ViewController.swift */ = {isa = PBXFileReference; lastKnownFileType = sourcecode.swift; path = ViewController.swift; sourceTree = "<group>"; };
		9C56BFF0260658CE00A83A88 /* Base */ = {isa = PBXFileReference; lastKnownFileType = file.storyboard; name = Base; path = Base.lproj/Main.storyboard; sourceTree = "<group>"; };
		9C56BFF2260658CF00A83A88 /* Assets.xcassets */ = {isa = PBXFileReference; lastKnownFileType = folder.assetcatalog; path = Assets.xcassets; sourceTree = "<group>"; };
		9C56BFF5260658CF00A83A88 /* Base */ = {isa = PBXFileReference; lastKnownFileType = file.storyboard; name = Base; path = Base.lproj/LaunchScreen.storyboard; sourceTree = "<group>"; };
		9C56BFF7260658CF00A83A88 /* Info.plist */ = {isa = PBXFileReference; lastKnownFileType = text.plist.xml; path = Info.plist; sourceTree = "<group>"; };
		9C56BFFC260658CF00A83A88 /* ParstagramTests.xctest */ = {isa = PBXFileReference; explicitFileType = wrapper.cfbundle; includeInIndex = 0; path = ParstagramTests.xctest; sourceTree = BUILT_PRODUCTS_DIR; };
		9C56C000260658CF00A83A88 /* ParstagramTests.swift */ = {isa = PBXFileReference; lastKnownFileType = sourcecode.swift; path = ParstagramTests.swift; sourceTree = "<group>"; };
		9C56C002260658CF00A83A88 /* Info.plist */ = {isa = PBXFileReference; lastKnownFileType = text.plist.xml; path = Info.plist; sourceTree = "<group>"; };
		9C56C007260658CF00A83A88 /* ParstagramUITests.xctest */ = {isa = PBXFileReference; explicitFileType = wrapper.cfbundle; includeInIndex = 0; path = ParstagramUITests.xctest; sourceTree = BUILT_PRODUCTS_DIR; };
		9C56C00B260658CF00A83A88 /* ParstagramUITests.swift */ = {isa = PBXFileReference; lastKnownFileType = sourcecode.swift; path = ParstagramUITests.swift; sourceTree = "<group>"; };
		9C56C00D260658CF00A83A88 /* Info.plist */ = {isa = PBXFileReference; lastKnownFileType = text.plist.xml; path = Info.plist; sourceTree = "<group>"; };
/* End PBXFileReference section */

/* Begin PBXFrameworksBuildPhase section */
		9C56BFE3260658CE00A83A88 /* Frameworks */ = {
			isa = PBXFrameworksBuildPhase;
			buildActionMask = 2147483647;
			files = (
			);
			runOnlyForDeploymentPostprocessing = 0;
		};
		9C56BFF9260658CF00A83A88 /* Frameworks */ = {
			isa = PBXFrameworksBuildPhase;
			buildActionMask = 2147483647;
			files = (
			);
			runOnlyForDeploymentPostprocessing = 0;
		};
		9C56C004260658CF00A83A88 /* Frameworks */ = {
			isa = PBXFrameworksBuildPhase;
			buildActionMask = 2147483647;
			files = (
			);
			runOnlyForDeploymentPostprocessing = 0;
		};
/* End PBXFrameworksBuildPhase section */

/* Begin PBXGroup section */
		9C56BFDD260658CE00A83A88 = {
			isa = PBXGroup;
			children = (
				9C56BFE8260658CE00A83A88 /* Parstagram */,
				9C56BFFF260658CF00A83A88 /* ParstagramTests */,
				9C56C00A260658CF00A83A88 /* ParstagramUITests */,
				9C56BFE7260658CE00A83A88 /* Products */,
			);
			sourceTree = "<group>";
		};
		9C56BFE7260658CE00A83A88 /* Products */ = {
			isa = PBXGroup;
			children = (
				9C56BFE6260658CE00A83A88 /* Parstagram.app */,
				9C56BFFC260658CF00A83A88 /* ParstagramTests.xctest */,
				9C56C007260658CF00A83A88 /* ParstagramUITests.xctest */,
			);
			name = Products;
			sourceTree = "<group>";
		};
		9C56BFE8260658CE00A83A88 /* Parstagram */ = {
			isa = PBXGroup;
			children = (
				9C56BFE9260658CE00A83A88 /* AppDelegate.swift */,
				9C56BFEB260658CE00A83A88 /* SceneDelegate.swift */,
				9C56BFED260658CE00A83A88 /* ViewController.swift */,
				9C56BFEF260658CE00A83A88 /* Main.storyboard */,
				9C56BFF2260658CF00A83A88 /* Assets.xcassets */,
				9C56BFF4260658CF00A83A88 /* LaunchScreen.storyboard */,
				9C56BFF7260658CF00A83A88 /* Info.plist */,
			);
			path = Parstagram;
			sourceTree = "<group>";
		};
		9C56BFFF260658CF00A83A88 /* ParstagramTests */ = {
			isa = PBXGroup;
			children = (
				9C56C000260658CF00A83A88 /* ParstagramTests.swift */,
				9C56C002260658CF00A83A88 /* Info.plist */,
			);
			path = ParstagramTests;
			sourceTree = "<group>";
		};
		9C56C00A260658CF00A83A88 /* ParstagramUITests */ = {
			isa = PBXGroup;
			children = (
				9C56C00B260658CF00A83A88 /* ParstagramUITests.swift */,
				9C56C00D260658CF00A83A88 /* Info.plist */,
			);
			path = ParstagramUITests;
			sourceTree = "<group>";
		};
/* End PBXGroup section */

/* Begin PBXNativeTarget section */
		9C56BFE5260658CE00A83A88 /* Parstagram */ = {
			isa = PBXNativeTarget;
			buildConfigurationList = 9C56C010260658CF00A83A88 /* Build configuration list for PBXNativeTarget "Parstagram" */;
			buildPhases = (
				9C56BFE2260658CE00A83A88 /* Sources */,
				9C56BFE3260658CE00A83A88 /* Frameworks */,
				9C56BFE4260658CE00A83A88 /* Resources */,
			);
			buildRules = (
			);
			dependencies = (
			);
			name = Parstagram;
			productName = Parstagram;
			productReference = 9C56BFE6260658CE00A83A88 /* Parstagram.app */;
			productType = "com.apple.product-type.application";
		};
		9C56BFFB260658CF00A83A88 /* ParstagramTests */ = {
			isa = PBXNativeTarget;
			buildConfigurationList = 9C56C013260658CF00A83A88 /* Build configuration list for PBXNativeTarget "ParstagramTests" */;
			buildPhases = (
				9C56BFF8260658CF00A83A88 /* Sources */,
				9C56BFF9260658CF00A83A88 /* Frameworks */,
				9C56BFFA260658CF00A83A88 /* Resources */,
			);
			buildRules = (
			);
			dependencies = (
				9C56BFFE260658CF00A83A88 /* PBXTargetDependency */,
			);
			name = ParstagramTests;
			productName = ParstagramTests;
			productReference = 9C56BFFC260658CF00A83A88 /* ParstagramTests.xctest */;
			productType = "com.apple.product-type.bundle.unit-test";
		};
		9C56C006260658CF00A83A88 /* ParstagramUITests */ = {
			isa = PBXNativeTarget;
			buildConfigurationList = 9C56C016260658CF00A83A88 /* Build configuration list for PBXNativeTarget "ParstagramUITests" */;
			buildPhases = (
				9C56C003260658CF00A83A88 /* Sources */,
				9C56C004260658CF00A83A88 /* Frameworks */,
				9C56C005260658CF00A83A88 /* Resources */,
			);
			buildRules = (
			);
			dependencies = (
				9C56C009260658CF00A83A88 /* PBXTargetDependency */,
			);
			name = ParstagramUITests;
			productName = ParstagramUITests;
			productReference = 9C56C007260658CF00A83A88 /* ParstagramUITests.xctest */;
			productType = "com.apple.product-type.bundle.ui-testing";
		};
/* End PBXNativeTarget section */

/* Begin PBXProject section */
		9C56BFDE260658CE00A83A88 /* Project object */ = {
			isa = PBXProject;
			attributes = {
				LastSwiftUpdateCheck = 1240;
				LastUpgradeCheck = 1240;
				TargetAttributes = {
					9C56BFE5260658CE00A83A88 = {
						CreatedOnToolsVersion = 12.4;
					};
					9C56BFFB260658CF00A83A88 = {
						CreatedOnToolsVersion = 12.4;
						TestTargetID = 9C56BFE5260658CE00A83A88;
					};
					9C56C006260658CF00A83A88 = {
						CreatedOnToolsVersion = 12.4;
						TestTargetID = 9C56BFE5260658CE00A83A88;
					};
				};
			};
			buildConfigurationList = 9C56BFE1260658CE00A83A88 /* Build configuration list for PBXProject "Parstagram" */;
			compatibilityVersion = "Xcode 9.3";
			developmentRegion = en;
			hasScannedForEncodings = 0;
			knownRegions = (
				en,
				Base,
			);
			mainGroup = 9C56BFDD260658CE00A83A88;
			productRefGroup = 9C56BFE7260658CE00A83A88 /* Products */;
			projectDirPath = "";
			projectRoot = "";
			targets = (
				9C56BFE5260658CE00A83A88 /* Parstagram */,
				9C56BFFB260658CF00A83A88 /* ParstagramTests */,
				9C56C006260658CF00A83A88 /* ParstagramUITests */,
			);
		};
/* End PBXProject section */

/* Begin PBXResourcesBuildPhase section */
		9C56BFE4260658CE00A83A88 /* Resources */ = {
			isa = PBXResourcesBuildPhase;
			buildActionMask = 2147483647;
			files = (
				9C56BFF6260658CF00A83A88 /* LaunchScreen.storyboard in Resources */,
				9C56BFF3260658CF00A83A88 /* Assets.xcassets in Resources */,
				9C56BFF1260658CE00A83A88 /* Main.storyboard in Resources */,
			);
			runOnlyForDeploymentPostprocessing = 0;
		};
		9C56BFFA260658CF00A83A88 /* Resources */ = {
			isa = PBXResourcesBuildPhase;
			buildActionMask = 2147483647;
			files = (
			);
			runOnlyForDeploymentPostprocessing = 0;
		};
		9C56C005260658CF00A83A88 /* Resources */ = {
			isa = PBXResourcesBuildPhase;
			buildActionMask = 2147483647;
			files = (
			);
			runOnlyForDeploymentPostprocessing = 0;
		};
/* End PBXResourcesBuildPhase section */

/* Begin PBXSourcesBuildPhase section */
		9C56BFE2260658CE00A83A88 /* Sources */ = {
			isa = PBXSourcesBuildPhase;
			buildActionMask = 2147483647;
			files = (
				9C56BFEE260658CE00A83A88 /* ViewController.swift in Sources */,
				9C56BFEA260658CE00A83A88 /* AppDelegate.swift in Sources */,
				9C56BFEC260658CE00A83A88 /* SceneDelegate.swift in Sources */,
			);
			runOnlyForDeploymentPostprocessing = 0;
		};
		9C56BFF8260658CF00A83A88 /* Sources */ = {
			isa = PBXSourcesBuildPhase;
			buildActionMask = 2147483647;
			files = (
				9C56C001260658CF00A83A88 /* ParstagramTests.swift in Sources */,
			);
			runOnlyForDeploymentPostprocessing = 0;
		};
		9C56C003260658CF00A83A88 /* Sources */ = {
			isa = PBXSourcesBuildPhase;
			buildActionMask = 2147483647;
			files = (
				9C56C00C260658CF00A83A88 /* ParstagramUITests.swift in Sources */,
			);
			runOnlyForDeploymentPostprocessing = 0;
		};
/* End PBXSourcesBuildPhase section */

/* Begin PBXTargetDependency section */
		9C56BFFE260658CF00A83A88 /* PBXTargetDependency */ = {
			isa = PBXTargetDependency;
			target = 9C56BFE5260658CE00A83A88 /* Parstagram */;
			targetProxy = 9C56BFFD260658CF00A83A88 /* PBXContainerItemProxy */;
		};
		9C56C009260658CF00A83A88 /* PBXTargetDependency */ = {
			isa = PBXTargetDependency;
			target = 9C56BFE5260658CE00A83A88 /* Parstagram */;
			targetProxy = 9C56C008260658CF00A83A88 /* PBXContainerItemProxy */;
		};
/* End PBXTargetDependency section */

/* Begin PBXVariantGroup section */
		9C56BFEF260658CE00A83A88 /* Main.storyboard */ = {
			isa = PBXVariantGroup;
			children = (
				9C56BFF0260658CE00A83A88 /* Base */,
			);
			name = Main.storyboard;
			sourceTree = "<group>";
		};
		9C56BFF4260658CF00A83A88 /* LaunchScreen.storyboard */ = {
			isa = PBXVariantGroup;
			children = (
				9C56BFF5260658CF00A83A88 /* Base */,
			);
			name = LaunchScreen.storyboard;
			sourceTree = "<group>";
		};
/* End PBXVariantGroup section */

/* Begin XCBuildConfiguration section */
		9C56C00E260658CF00A83A88 /* Debug */ = {
			isa = XCBuildConfiguration;
			buildSettings = {
				ALWAYS_SEARCH_USER_PATHS = NO;
				CLANG_ANALYZER_NONNULL = YES;
				CLANG_ANALYZER_NUMBER_OBJECT_CONVERSION = YES_AGGRESSIVE;
				CLANG_CXX_LANGUAGE_STANDARD = "gnu++14";
				CLANG_CXX_LIBRARY = "libc++";
				CLANG_ENABLE_MODULES = YES;
				CLANG_ENABLE_OBJC_ARC = YES;
				CLANG_ENABLE_OBJC_WEAK = YES;
				CLANG_WARN_BLOCK_CAPTURE_AUTORELEASING = YES;
				CLANG_WARN_BOOL_CONVERSION = YES;
				CLANG_WARN_COMMA = YES;
				CLANG_WARN_CONSTANT_CONVERSION = YES;
				CLANG_WARN_DEPRECATED_OBJC_IMPLEMENTATIONS = YES;
				CLANG_WARN_DIRECT_OBJC_ISA_USAGE = YES_ERROR;
				CLANG_WARN_DOCUMENTATION_COMMENTS = YES;
				CLANG_WARN_EMPTY_BODY = YES;
				CLANG_WARN_ENUM_CONVERSION = YES;
				CLANG_WARN_INFINITE_RECURSION = YES;
				CLANG_WARN_INT_CONVERSION = YES;
				CLANG_WARN_NON_LITERAL_NULL_CONVERSION = YES;
				CLANG_WARN_OBJC_IMPLICIT_RETAIN_SELF = YES;
				CLANG_WARN_OBJC_LITERAL_CONVERSION = YES;
				CLANG_WARN_OBJC_ROOT_CLASS = YES_ERROR;
				CLANG_WARN_QUOTED_INCLUDE_IN_FRAMEWORK_HEADER = YES;
				CLANG_WARN_RANGE_LOOP_ANALYSIS = YES;
				CLANG_WARN_STRICT_PROTOTYPES = YES;
				CLANG_WARN_SUSPICIOUS_MOVE = YES;
				CLANG_WARN_UNGUARDED_AVAILABILITY = YES_AGGRESSIVE;
				CLANG_WARN_UNREACHABLE_CODE = YES;
				CLANG_WARN__DUPLICATE_METHOD_MATCH = YES;
				COPY_PHASE_STRIP = NO;
				DEBUG_INFORMATION_FORMAT = dwarf;
				ENABLE_STRICT_OBJC_MSGSEND = YES;
				ENABLE_TESTABILITY = YES;
				GCC_C_LANGUAGE_STANDARD = gnu11;
				GCC_DYNAMIC_NO_PIC = NO;
				GCC_NO_COMMON_BLOCKS = YES;
				GCC_OPTIMIZATION_LEVEL = 0;
				GCC_PREPROCESSOR_DEFINITIONS = (
					"DEBUG=1",
					"$(inherited)",
				);
				GCC_WARN_64_TO_32_BIT_CONVERSION = YES;
				GCC_WARN_ABOUT_RETURN_TYPE = YES_ERROR;
				GCC_WARN_UNDECLARED_SELECTOR = YES;
				GCC_WARN_UNINITIALIZED_AUTOS = YES_AGGRESSIVE;
				GCC_WARN_UNUSED_FUNCTION = YES;
				GCC_WARN_UNUSED_VARIABLE = YES;
				IPHONEOS_DEPLOYMENT_TARGET = 14.4;
				MTL_ENABLE_DEBUG_INFO = INCLUDE_SOURCE;
				MTL_FAST_MATH = YES;
				ONLY_ACTIVE_ARCH = YES;
				SDKROOT = iphoneos;
				SWIFT_ACTIVE_COMPILATION_CONDITIONS = DEBUG;
				SWIFT_OPTIMIZATION_LEVEL = "-Onone";
			};
			name = Debug;
		};
		9C56C00F260658CF00A83A88 /* Release */ = {
			isa = XCBuildConfiguration;
			buildSettings = {
				ALWAYS_SEARCH_USER_PATHS = NO;
				CLANG_ANALYZER_NONNULL = YES;
				CLANG_ANALYZER_NUMBER_OBJECT_CONVERSION = YES_AGGRESSIVE;
				CLANG_CXX_LANGUAGE_STANDARD = "gnu++14";
				CLANG_CXX_LIBRARY = "libc++";
				CLANG_ENABLE_MODULES = YES;
				CLANG_ENABLE_OBJC_ARC = YES;
				CLANG_ENABLE_OBJC_WEAK = YES;
				CLANG_WARN_BLOCK_CAPTURE_AUTORELEASING = YES;
				CLANG_WARN_BOOL_CONVERSION = YES;
				CLANG_WARN_COMMA = YES;
				CLANG_WARN_CONSTANT_CONVERSION = YES;
				CLANG_WARN_DEPRECATED_OBJC_IMPLEMENTATIONS = YES;
				CLANG_WARN_DIRECT_OBJC_ISA_USAGE = YES_ERROR;
				CLANG_WARN_DOCUMENTATION_COMMENTS = YES;
				CLANG_WARN_EMPTY_BODY = YES;
				CLANG_WARN_ENUM_CONVERSION = YES;
				CLANG_WARN_INFINITE_RECURSION = YES;
				CLANG_WARN_INT_CONVERSION = YES;
				CLANG_WARN_NON_LITERAL_NULL_CONVERSION = YES;
				CLANG_WARN_OBJC_IMPLICIT_RETAIN_SELF = YES;
				CLANG_WARN_OBJC_LITERAL_CONVERSION = YES;
				CLANG_WARN_OBJC_ROOT_CLASS = YES_ERROR;
				CLANG_WARN_QUOTED_INCLUDE_IN_FRAMEWORK_HEADER = YES;
				CLANG_WARN_RANGE_LOOP_ANALYSIS = YES;
				CLANG_WARN_STRICT_PROTOTYPES = YES;
				CLANG_WARN_SUSPICIOUS_MOVE = YES;
				CLANG_WARN_UNGUARDED_AVAILABILITY = YES_AGGRESSIVE;
				CLANG_WARN_UNREACHABLE_CODE = YES;
				CLANG_WARN__DUPLICATE_METHOD_MATCH = YES;
				COPY_PHASE_STRIP = NO;
				DEBUG_INFORMATION_FORMAT = "dwarf-with-dsym";
				ENABLE_NS_ASSERTIONS = NO;
				ENABLE_STRICT_OBJC_MSGSEND = YES;
				GCC_C_LANGUAGE_STANDARD = gnu11;
				GCC_NO_COMMON_BLOCKS = YES;
				GCC_WARN_64_TO_32_BIT_CONVERSION = YES;
				GCC_WARN_ABOUT_RETURN_TYPE = YES_ERROR;
				GCC_WARN_UNDECLARED_SELECTOR = YES;
				GCC_WARN_UNINITIALIZED_AUTOS = YES_AGGRESSIVE;
				GCC_WARN_UNUSED_FUNCTION = YES;
				GCC_WARN_UNUSED_VARIABLE = YES;
				IPHONEOS_DEPLOYMENT_TARGET = 14.4;
				MTL_ENABLE_DEBUG_INFO = NO;
				MTL_FAST_MATH = YES;
				SDKROOT = iphoneos;
				SWIFT_COMPILATION_MODE = wholemodule;
				SWIFT_OPTIMIZATION_LEVEL = "-O";
				VALIDATE_PRODUCT = YES;
			};
			name = Release;
		};
		9C56C011260658CF00A83A88 /* Debug */ = {
			isa = XCBuildConfiguration;
			buildSettings = {
				ASSETCATALOG_COMPILER_APPICON_NAME = AppIcon;
				ASSETCATALOG_COMPILER_GLOBAL_ACCENT_COLOR_NAME = AccentColor;
				CODE_SIGN_STYLE = Automatic;
				INFOPLIST_FILE = Parstagram/Info.plist;
				LD_RUNPATH_SEARCH_PATHS = (
					"$(inherited)",
					"@executable_path/Frameworks",
				);
				PRODUCT_BUNDLE_IDENTIFIER = Codepath.Parstagram;
				PRODUCT_NAME = "$(TARGET_NAME)";
				SWIFT_VERSION = 5.0;
				TARGETED_DEVICE_FAMILY = "1,2";
			};
			name = Debug;
		};
		9C56C012260658CF00A83A88 /* Release */ = {
			isa = XCBuildConfiguration;
			buildSettings = {
				ASSETCATALOG_COMPILER_APPICON_NAME = AppIcon;
				ASSETCATALOG_COMPILER_GLOBAL_ACCENT_COLOR_NAME = AccentColor;
				CODE_SIGN_STYLE = Automatic;
				INFOPLIST_FILE = Parstagram/Info.plist;
				LD_RUNPATH_SEARCH_PATHS = (
					"$(inherited)",
					"@executable_path/Frameworks",
				);
				PRODUCT_BUNDLE_IDENTIFIER = Codepath.Parstagram;
				PRODUCT_NAME = "$(TARGET_NAME)";
				SWIFT_VERSION = 5.0;
				TARGETED_DEVICE_FAMILY = "1,2";
			};
			name = Release;
		};
		9C56C014260658CF00A83A88 /* Debug */ = {
			isa = XCBuildConfiguration;
			buildSettings = {
				ALWAYS_EMBED_SWIFT_STANDARD_LIBRARIES = YES;
				BUNDLE_LOADER = "$(TEST_HOST)";
				CODE_SIGN_STYLE = Automatic;
				INFOPLIST_FILE = ParstagramTests/Info.plist;
				IPHONEOS_DEPLOYMENT_TARGET = 14.4;
				LD_RUNPATH_SEARCH_PATHS = (
					"$(inherited)",
					"@executable_path/Frameworks",
					"@loader_path/Frameworks",
				);
				PRODUCT_BUNDLE_IDENTIFIER = Codepath.ParstagramTests;
				PRODUCT_NAME = "$(TARGET_NAME)";
				SWIFT_VERSION = 5.0;
				TARGETED_DEVICE_FAMILY = "1,2";
				TEST_HOST = "$(BUILT_PRODUCTS_DIR)/Parstagram.app/Parstagram";
			};
			name = Debug;
		};
		9C56C015260658CF00A83A88 /* Release */ = {
			isa = XCBuildConfiguration;
			buildSettings = {
				ALWAYS_EMBED_SWIFT_STANDARD_LIBRARIES = YES;
				BUNDLE_LOADER = "$(TEST_HOST)";
				CODE_SIGN_STYLE = Automatic;
				INFOPLIST_FILE = ParstagramTests/Info.plist;
				IPHONEOS_DEPLOYMENT_TARGET = 14.4;
				LD_RUNPATH_SEARCH_PATHS = (
					"$(inherited)",
					"@executable_path/Frameworks",
					"@loader_path/Frameworks",
				);
				PRODUCT_BUNDLE_IDENTIFIER = Codepath.ParstagramTests;
				PRODUCT_NAME = "$(TARGET_NAME)";
				SWIFT_VERSION = 5.0;
				TARGETED_DEVICE_FAMILY = "1,2";
				TEST_HOST = "$(BUILT_PRODUCTS_DIR)/Parstagram.app/Parstagram";
			};
			name = Release;
		};
		9C56C017260658CF00A83A88 /* Debug */ = {
			isa = XCBuildConfiguration;
			buildSettings = {
				ALWAYS_EMBED_SWIFT_STANDARD_LIBRARIES = YES;
				CODE_SIGN_STYLE = Automatic;
				INFOPLIST_FILE = ParstagramUITests/Info.plist;
				LD_RUNPATH_SEARCH_PATHS = (
					"$(inherited)",
					"@executable_path/Frameworks",
					"@loader_path/Frameworks",
				);
				PRODUCT_BUNDLE_IDENTIFIER = Codepath.ParstagramUITests;
				PRODUCT_NAME = "$(TARGET_NAME)";
				SWIFT_VERSION = 5.0;
				TARGETED_DEVICE_FAMILY = "1,2";
				TEST_TARGET_NAME = Parstagram;
			};
			name = Debug;
		};
		9C56C018260658CF00A83A88 /* Release */ = {
			isa = XCBuildConfiguration;
			buildSettings = {
				ALWAYS_EMBED_SWIFT_STANDARD_LIBRARIES = YES;
				CODE_SIGN_STYLE = Automatic;
				INFOPLIST_FILE = ParstagramUITests/Info.plist;
				LD_RUNPATH_SEARCH_PATHS = (
					"$(inherited)",
					"@executable_path/Frameworks",
					"@loader_path/Frameworks",
				);
				PRODUCT_BUNDLE_IDENTIFIER = Codepath.ParstagramUITests;
				PRODUCT_NAME = "$(TARGET_NAME)";
				SWIFT_VERSION = 5.0;
				TARGETED_DEVICE_FAMILY = "1,2";
				TEST_TARGET_NAME = Parstagram;
			};
			name = Release;
		};
/* End XCBuildConfiguration section */

/* Begin XCConfigurationList section */
		9C56BFE1260658CE00A83A88 /* Build configuration list for PBXProject "Parstagram" */ = {
			isa = XCConfigurationList;
			buildConfigurations = (
				9C56C00E260658CF00A83A88 /* Debug */,
				9C56C00F260658CF00A83A88 /* Release */,
			);
			defaultConfigurationIsVisible = 0;
			defaultConfigurationName = Release;
		};
		9C56C010260658CF00A83A88 /* Build configuration list for PBXNativeTarget "Parstagram" */ = {
			isa = XCConfigurationList;
			buildConfigurations = (
				9C56C011260658CF00A83A88 /* Debug */,
				9C56C012260658CF00A83A88 /* Release */,
			);
			defaultConfigurationIsVisible = 0;
			defaultConfigurationName = Release;
		};
		9C56C013260658CF00A83A88 /* Build configuration list for PBXNativeTarget "ParstagramTests" */ = {
			isa = XCConfigurationList;
			buildConfigurations = (
				9C56C014260658CF00A83A88 /* Debug */,
				9C56C015260658CF00A83A88 /* Release */,
			);
			defaultConfigurationIsVisible = 0;
			defaultConfigurationName = Release;
		};
		9C56C016260658CF00A83A88 /* Build configuration list for PBXNativeTarget "ParstagramUITests" */ = {
			isa = XCConfigurationList;
			buildConfigurations = (
				9C56C017260658CF00A83A88 /* Debug */,
				9C56C018260658CF00A83A88 /* Release */,
			);
			defaultConfigurationIsVisible = 0;
			defaultConfigurationName = Release;
		};
/* End XCConfigurationList section */
	};
	rootObject = 9C56BFDE260658CE00A83A88 /* Project object */;
}
